
Microsoft Visual Studio Solution File, Format Version 12.00
# Visual Studio Version 17
VisualStudioVersion = 17.0.32014.148
MinimumVisualStudioVersion = 10.0.40219.1
Project("{FAE04EC0-301F-11D3-BF4B-00C04F79EFBC}") = "StackOverload", "StackOverload\StackOverload.csproj", "{AAF5B3D7-46E5-4104-9759-90867077DA6C}"
EndProject
Global
	GlobalSection(SolutionConfigurationPlatforms) = preSolution
		Debug|Any CPU = Debug|Any CPU
		Release|Any CPU = Release|Any CPU
	EndGlobalSection
	GlobalSection(ProjectConfigurationPlatforms) = postSolution
		{AAF5B3D7-46E5-4104-9759-90867077DA6C}.Debug|Any CPU.ActiveCfg = Debug|Any CPU
		{AAF5B3D7-46E5-4104-9759-90867077DA6C}.Debug|Any CPU.Build.0 = Debug|Any CPU
		{AAF5B3D7-46E5-4104-9759-90867077DA6C}.Release|Any CPU.ActiveCfg = Release|Any CPU
		{AAF5B3D7-46E5-4104-9759-90867077DA6C}.Release|Any CPU.Build.0 = Release|Any CPU
	EndGlobalSection
	GlobalSection(SolutionProperties) = preSolution
		HideSolutionNode = FALSE
	EndGlobalSection
	GlobalSection(ExtensibilityGlobals) = postSolution
		SolutionGuid = {113EA17B-E511-4B19-9BA7-F947A4F7DF95}
	EndGlobalSection
EndGlobal
